
Microsoft Visual Studio Solution File, Format Version 12.00
# Visual Studio 15
VisualStudioVersion = 15.0.27703.2026
MinimumVisualStudioVersion = 10.0.40219.1
Project("{FAE04EC0-301F-11D3-BF4B-00C04F79EFBC}") = "SimpleTest.Android", "SimpleTest\SimpleTest.Android\SimpleTest.Android.csproj", "{B1D4959F-D51B-4C84-B0D6-F3ACC95D399D}"
EndProject
Project("{FAE04EC0-301F-11D3-BF4B-00C04F79EFBC}") = "SimpleTest.iOS", "SimpleTest\SimpleTest.iOS\SimpleTest.iOS.csproj", "{44FCA494-0F37-4708-B610-CD259B8E5FBF}"
EndProject
Project("{FAE04EC0-301F-11D3-BF4B-00C04F79EFBC}") = "SimpleTest", "SimpleTest\SimpleTest\SimpleTest.csproj", "{3EAD4898-FB7E-46E4-8E1F-B1B1E0BBDE57}"
EndProject
Global
	GlobalSection(SolutionConfigurationPlatforms) = preSolution
		Ad-Hoc|Any CPU = Ad-Hoc|Any CPU
		Ad-Hoc|ARM = Ad-Hoc|ARM
		Ad-Hoc|iPhone = Ad-Hoc|iPhone
		Ad-Hoc|iPhoneSimulator = Ad-Hoc|iPhoneSimulator
		Ad-Hoc|x64 = Ad-Hoc|x64
		Ad-Hoc|x86 = Ad-Hoc|x86
		AppStore|Any CPU = AppStore|Any CPU
		AppStore|ARM = AppStore|ARM
		AppStore|iPhone = AppStore|iPhone
		AppStore|iPhoneSimulator = AppStore|iPhoneSimulator
		AppStore|x64 = AppStore|x64
		AppStore|x86 = AppStore|x86
		Debug|Any CPU = Debug|Any CPU
		Debug|ARM = Debug|ARM
		Debug|iPhone = Debug|iPhone
		Debug|iPhoneSimulator = Debug|iPhoneSimulator
		Debug|x64 = Debug|x64
		Debug|x86 = Debug|x86
		Release|Any CPU = Release|Any CPU
		Release|ARM = Release|ARM
		Release|iPhone = Release|iPhone
		Release|iPhoneSimulator = Release|iPhoneSimulator
		Release|x64 = Release|x64
		Release|x86 = Release|x86
	EndGlobalSection
	GlobalSection(ProjectConfigurationPlatforms) = postSolution
		{B1D4959F-D51B-4C84-B0D6-F3ACC95D399D}.Ad-Hoc|Any CPU.ActiveCfg = Release|Any CPU
		{B1D4959F-D51B-4C84-B0D6-F3ACC95D399D}.Ad-Hoc|Any CPU.Build.0 = Release|Any CPU
		{B1D4959F-D51B-4C84-B0D6-F3ACC95D399D}.Ad-Hoc|Any CPU.Deploy.0 = Release|Any CPU
		{B1D4959F-D51B-4C84-B0D6-F3ACC95D399D}.Ad-Hoc|ARM.ActiveCfg = Release|Any CPU
		{B1D4959F-D51B-4C84-B0D6-F3ACC95D399D}.Ad-Hoc|ARM.Build.0 = Release|Any CPU
		{B1D4959F-D51B-4C84-B0D6-F3ACC95D399D}.Ad-Hoc|ARM.Deploy.0 = Release|Any CPU
		{B1D4959F-D51B-4C84-B0D6-F3ACC95D399D}.Ad-Hoc|iPhone.ActiveCfg = Release|Any CPU
		{B1D4959F-D51B-4C84-B0D6-F3ACC95D399D}.Ad-Hoc|iPhone.Build.0 = Release|Any CPU
		{B1D4959F-D51B-4C84-B0D6-F3ACC95D399D}.Ad-Hoc|iPhone.Deploy.0 = Release|Any CPU
		{B1D4959F-D51B-4C84-B0D6-F3ACC95D399D}.Ad-Hoc|iPhoneSimulator.ActiveCfg = Release|Any CPU
		{B1D4959F-D51B-4C84-B0D6-F3ACC95D399D}.Ad-Hoc|iPhoneSimulator.Build.0 = Release|Any CPU
		{B1D4959F-D51B-4C84-B0D6-F3ACC95D399D}.Ad-Hoc|iPhoneSimulator.Deploy.0 = Release|Any CPU
		{B1D4959F-D51B-4C84-B0D6-F3ACC95D399D}.Ad-Hoc|x64.ActiveCfg = Release|Any CPU
		{B1D4959F-D51B-4C84-B0D6-F3ACC95D399D}.Ad-Hoc|x64.Build.0 = Release|Any CPU
		{B1D4959F-D51B-4C84-B0D6-F3ACC95D399D}.Ad-Hoc|x64.Deploy.0 = Release|Any CPU
		{B1D4959F-D51B-4C84-B0D6-F3ACC95D399D}.Ad-Hoc|x86.ActiveCfg = Release|Any CPU
		{B1D4959F-D51B-4C84-B0D6-F3ACC95D399D}.Ad-Hoc|x86.Build.0 = Release|Any CPU
		{B1D4959F-D51B-4C84-B0D6-F3ACC95D399D}.Ad-Hoc|x86.Deploy.0 = Release|Any CPU
		{B1D4959F-D51B-4C84-B0D6-F3ACC95D399D}.AppStore|Any CPU.ActiveCfg = Release|Any CPU
		{B1D4959F-D51B-4C84-B0D6-F3ACC95D399D}.AppStore|Any CPU.Build.0 = Release|Any CPU
		{B1D4959F-D51B-4C84-B0D6-F3ACC95D399D}.AppStore|Any CPU.Deploy.0 = Release|Any CPU
		{B1D4959F-D51B-4C84-B0D6-F3ACC95D399D}.AppStore|ARM.ActiveCfg = Release|Any CPU
		{B1D4959F-D51B-4C84-B0D6-F3ACC95D399D}.AppStore|ARM.Build.0 = Release|Any CPU
		{B1D4959F-D51B-4C84-B0D6-F3ACC95D399D}.AppStore|ARM.Deploy.0 = Release|Any CPU
		{B1D4959F-D51B-4C84-B0D6-F3ACC95D399D}.AppStore|iPhone.ActiveCfg = Release|Any CPU
		{B1D4959F-D51B-4C84-B0D6-F3ACC95D399D}.AppStore|iPhone.Build.0 = Release|Any CPU
		{B1D4959F-D51B-4C84-B0D6-F3ACC95D399D}.AppStore|iPhone.Deploy.0 = Release|Any CPU
		{B1D4959F-D51B-4C84-B0D6-F3ACC95D399D}.AppStore|iPhoneSimulator.ActiveCfg = Release|Any CPU
		{B1D4959F-D51B-4C84-B0D6-F3ACC95D399D}.AppStore|iPhoneSimulator.Build.0 = Release|Any CPU
		{B1D4959F-D51B-4C84-B0D6-F3ACC95D399D}.AppStore|iPhoneSimulator.Deploy.0 = Release|Any CPU
		{B1D4959F-D51B-4C84-B0D6-F3ACC95D399D}.AppStore|x64.ActiveCfg = Release|Any CPU
		{B1D4959F-D51B-4C84-B0D6-F3ACC95D399D}.AppStore|x64.Build.0 = Release|Any CPU
		{B1D4959F-D51B-4C84-B0D6-F3ACC95D399D}.AppStore|x64.Deploy.0 = Release|Any CPU
		{B1D4959F-D51B-4C84-B0D6-F3ACC95D399D}.AppStore|x86.ActiveCfg = Release|Any CPU
		{B1D4959F-D51B-4C84-B0D6-F3ACC95D399D}.AppStore|x86.Build.0 = Release|Any CPU
		{B1D4959F-D51B-4C84-B0D6-F3ACC95D399D}.AppStore|x86.Deploy.0 = Release|Any CPU
		{B1D4959F-D51B-4C84-B0D6-F3ACC95D399D}.Debug|Any CPU.ActiveCfg = Debug|Any CPU
		{B1D4959F-D51B-4C84-B0D6-F3ACC95D399D}.Debug|Any CPU.Build.0 = Debug|Any CPU
		{B1D4959F-D51B-4C84-B0D6-F3ACC95D399D}.Debug|Any CPU.Deploy.0 = Debug|Any CPU
		{B1D4959F-D51B-4C84-B0D6-F3ACC95D399D}.Debug|ARM.ActiveCfg = Debug|Any CPU
		{B1D4959F-D51B-4C84-B0D6-F3ACC95D399D}.Debug|ARM.Build.0 = Debug|Any CPU
		{B1D4959F-D51B-4C84-B0D6-F3ACC95D399D}.Debug|ARM.Deploy.0 = Debug|Any CPU
		{B1D4959F-D51B-4C84-B0D6-F3ACC95D399D}.Debug|iPhone.ActiveCfg = Debug|Any CPU
		{B1D4959F-D51B-4C84-B0D6-F3ACC95D399D}.Debug|iPhone.Build.0 = Debug|Any CPU
		{B1D4959F-D51B-4C84-B0D6-F3ACC95D399D}.Debug|iPhone.Deploy.0 = Debug|Any CPU
		{B1D4959F-D51B-4C84-B0D6-F3ACC95D399D}.Debug|iPhoneSimulator.ActiveCfg = Debug|Any CPU
		{B1D4959F-D51B-4C84-B0D6-F3ACC95D399D}.Debug|iPhoneSimulator.Build.0 = Debug|Any CPU
		{B1D4959F-D51B-4C84-B0D6-F3ACC95D399D}.Debug|iPhoneSimulator.Deploy.0 = Debug|Any CPU
		{B1D4959F-D51B-4C84-B0D6-F3ACC95D399D}.Debug|x64.ActiveCfg = Debug|Any CPU
		{B1D4959F-D51B-4C84-B0D6-F3ACC95D399D}.Debug|x64.Build.0 = Debug|Any CPU
		{B1D4959F-D51B-4C84-B0D6-F3ACC95D399D}.Debug|x64.Deploy.0 = Debug|Any CPU
		{B1D4959F-D51B-4C84-B0D6-F3ACC95D399D}.Debug|x86.ActiveCfg = Debug|Any CPU
		{B1D4959F-D51B-4C84-B0D6-F3ACC95D399D}.Debug|x86.Build.0 = Debug|Any CPU
		{B1D4959F-D51B-4C84-B0D6-F3ACC95D399D}.Debug|x86.Deploy.0 = Debug|Any CPU
		{B1D4959F-D51B-4C84-B0D6-F3ACC95D399D}.Release|Any CPU.ActiveCfg = Release|Any CPU
		{B1D4959F-D51B-4C84-B0D6-F3ACC95D399D}.Release|Any CPU.Build.0 = Release|Any CPU
		{B1D4959F-D51B-4C84-B0D6-F3ACC95D399D}.Release|Any CPU.Deploy.0 = Release|Any CPU
		{B1D4959F-D51B-4C84-B0D6-F3ACC95D399D}.Release|ARM.ActiveCfg = Release|Any CPU
		{B1D4959F-D51B-4C84-B0D6-F3ACC95D399D}.Release|ARM.Build.0 = Release|Any CPU
		{B1D4959F-D51B-4C84-B0D6-F3ACC95D399D}.Release|ARM.Deploy.0 = Release|Any CPU
		{B1D4959F-D51B-4C84-B0D6-F3ACC95D399D}.Release|iPhone.ActiveCfg = Release|Any CPU
		{B1D4959F-D51B-4C84-B0D6-F3ACC95D399D}.Release|iPhone.Build.0 = Release|Any CPU
		{B1D4959F-D51B-4C84-B0D6-F3ACC95D399D}.Release|iPhone.Deploy.0 = Release|Any CPU
		{B1D4959F-D51B-4C84-B0D6-F3ACC95D399D}.Release|iPhoneSimulator.ActiveCfg = Release|Any CPU
		{B1D4959F-D51B-4C84-B0D6-F3ACC95D399D}.Release|iPhoneSimulator.Build.0 = Release|Any CPU
		{B1D4959F-D51B-4C84-B0D6-F3ACC95D399D}.Release|iPhoneSimulator.Deploy.0 = Release|Any CPU
		{B1D4959F-D51B-4C84-B0D6-F3ACC95D399D}.Release|x64.ActiveCfg = Release|Any CPU
		{B1D4959F-D51B-4C84-B0D6-F3ACC95D399D}.Release|x64.Build.0 = Release|Any CPU
		{B1D4959F-D51B-4C84-B0D6-F3ACC95D399D}.Release|x64.Deploy.0 = Release|Any CPU
		{B1D4959F-D51B-4C84-B0D6-F3ACC95D399D}.Release|x86.ActiveCfg = Release|Any CPU
		{B1D4959F-D51B-4C84-B0D6-F3ACC95D399D}.Release|x86.Build.0 = Release|Any CPU
		{B1D4959F-D51B-4C84-B0D6-F3ACC95D399D}.Release|x86.Deploy.0 = Release|Any CPU
		{44FCA494-0F37-4708-B610-CD259B8E5FBF}.Ad-Hoc|Any CPU.ActiveCfg = Ad-Hoc|iPhone
		{44FCA494-0F37-4708-B610-CD259B8E5FBF}.Ad-Hoc|Any CPU.Build.0 = Ad-Hoc|iPhone
		{44FCA494-0F37-4708-B610-CD259B8E5FBF}.Ad-Hoc|Any CPU.Deploy.0 = Ad-Hoc|iPhone
		{44FCA494-0F37-4708-B610-CD259B8E5FBF}.Ad-Hoc|ARM.ActiveCfg = Ad-Hoc|iPhone
		{44FCA494-0F37-4708-B610-CD259B8E5FBF}.Ad-Hoc|ARM.Build.0 = Ad-Hoc|iPhone
		{44FCA494-0F37-4708-B610-CD259B8E5FBF}.Ad-Hoc|ARM.Deploy.0 = Ad-Hoc|iPhone
		{44FCA494-0F37-4708-B610-CD259B8E5FBF}.Ad-Hoc|iPhone.ActiveCfg = Ad-Hoc|iPhone
		{44FCA494-0F37-4708-B610-CD259B8E5FBF}.Ad-Hoc|iPhone.Build.0 = Ad-Hoc|iPhone
		{44FCA494-0F37-4708-B610-CD259B8E5FBF}.Ad-Hoc|iPhone.Deploy.0 = Ad-Hoc|iPhone
		{44FCA494-0F37-4708-B610-CD259B8E5FBF}.Ad-Hoc|iPhoneSimulator.ActiveCfg = Ad-Hoc|iPhoneSimulator
		{44FCA494-0F37-4708-B610-CD259B8E5FBF}.Ad-Hoc|iPhoneSimulator.Build.0 = Ad-Hoc|iPhoneSimulator
		{44FCA494-0F37-4708-B610-CD259B8E5FBF}.Ad-Hoc|iPhoneSimulator.Deploy.0 = Ad-Hoc|iPhoneSimulator
		{44FCA494-0F37-4708-B610-CD259B8E5FBF}.Ad-Hoc|x64.ActiveCfg = Ad-Hoc|iPhone
		{44FCA494-0F37-4708-B610-CD259B8E5FBF}.Ad-Hoc|x64.Build.0 = Ad-Hoc|iPhone
		{44FCA494-0F37-4708-B610-CD259B8E5FBF}.Ad-Hoc|x64.Deploy.0 = Ad-Hoc|iPhone
		{44FCA494-0F37-4708-B610-CD259B8E5FBF}.Ad-Hoc|x86.ActiveCfg = Ad-Hoc|iPhone
		{44FCA494-0F37-4708-B610-CD259B8E5FBF}.Ad-Hoc|x86.Build.0 = Ad-Hoc|iPhone
		{44FCA494-0F37-4708-B610-CD259B8E5FBF}.Ad-Hoc|x86.Deploy.0 = Ad-Hoc|iPhone
		{44FCA494-0F37-4708-B610-CD259B8E5FBF}.AppStore|Any CPU.ActiveCfg = AppStore|iPhone
		{44FCA494-0F37-4708-B610-CD259B8E5FBF}.AppStore|Any CPU.Build.0 = AppStore|iPhone
		{44FCA494-0F37-4708-B610-CD259B8E5FBF}.AppStore|Any CPU.Deploy.0 = AppStore|iPhone
		{44FCA494-0F37-4708-B610-CD259B8E5FBF}.AppStore|ARM.ActiveCfg = AppStore|iPhone
		{44FCA494-0F37-4708-B610-CD259B8E5FBF}.AppStore|ARM.Build.0 = AppStore|iPhone
		{44FCA494-0F37-4708-B610-CD259B8E5FBF}.AppStore|ARM.Deploy.0 = AppStore|iPhone
		{44FCA494-0F37-4708-B610-CD259B8E5FBF}.AppStore|iPhone.ActiveCfg = AppStore|iPhone
		{44FCA494-0F37-4708-B610-CD259B8E5FBF}.AppStore|iPhone.Build.0 = AppStore|iPhone
		{44FCA494-0F37-4708-B610-CD259B8E5FBF}.AppStore|iPhone.Deploy.0 = AppStore|iPhone
		{44FCA494-0F37-4708-B610-CD259B8E5FBF}.AppStore|iPhoneSimulator.ActiveCfg = AppStore|iPhoneSimulator
		{44FCA494-0F37-4708-B610-CD259B8E5FBF}.AppStore|iPhoneSimulator.Build.0 = AppStore|iPhoneSimulator
		{44FCA494-0F37-4708-B610-CD259B8E5FBF}.AppStore|iPhoneSimulator.Deploy.0 = AppStore|iPhoneSimulator
		{44FCA494-0F37-4708-B610-CD259B8E5FBF}.AppStore|x64.ActiveCfg = AppStore|iPhone
		{44FCA494-0F37-4708-B610-CD259B8E5FBF}.AppStore|x64.Build.0 = AppStore|iPhone
		{44FCA494-0F37-4708-B610-CD259B8E5FBF}.AppStore|x64.Deploy.0 = AppStore|iPhone
		{44FCA494-0F37-4708-B610-CD259B8E5FBF}.AppStore|x86.ActiveCfg = AppStore|iPhone
		{44FCA494-0F37-4708-B610-CD259B8E5FBF}.AppStore|x86.Build.0 = AppStore|iPhone
		{44FCA494-0F37-4708-B610-CD259B8E5FBF}.AppStore|x86.Deploy.0 = AppStore|iPhone
		{44FCA494-0F37-4708-B610-CD259B8E5FBF}.Debug|Any CPU.ActiveCfg = Debug|iPhoneSimulator
		{44FCA494-0F37-4708-B610-CD259B8E5FBF}.Debug|Any CPU.Build.0 = Debug|iPhoneSimulator
		{44FCA494-0F37-4708-B610-CD259B8E5FBF}.Debug|Any CPU.Deploy.0 = Debug|iPhoneSimulator
		{44FCA494-0F37-4708-B610-CD259B8E5FBF}.Debug|ARM.ActiveCfg = Debug|iPhone
		{44FCA494-0F37-4708-B610-CD259B8E5FBF}.Debug|ARM.Build.0 = Debug|iPhone
		{44FCA494-0F37-4708-B610-CD259B8E5FBF}.Debug|ARM.Deploy.0 = Debug|iPhone
		{44FCA494-0F37-4708-B610-CD259B8E5FBF}.Debug|iPhone.ActiveCfg = Debug|iPhone
		{44FCA494-0F37-4708-B610-CD259B8E5FBF}.Debug|iPhone.Build.0 = Debug|iPhone
		{44FCA494-0F37-4708-B610-CD259B8E5FBF}.Debug|iPhone.Deploy.0 = Debug|iPhone
		{44FCA494-0F37-4708-B610-CD259B8E5FBF}.Debug|iPhoneSimulator.ActiveCfg = Debug|iPhoneSimulator
		{44FCA494-0F37-4708-B610-CD259B8E5FBF}.Debug|iPhoneSimulator.Build.0 = Debug|iPhoneSimulator
		{44FCA494-0F37-4708-B610-CD259B8E5FBF}.Debug|iPhoneSimulator.Deploy.0 = Debug|iPhoneSimulator
		{44FCA494-0F37-4708-B610-CD259B8E5FBF}.Debug|x64.ActiveCfg = Debug|iPhone
		{44FCA494-0F37-4708-B610-CD259B8E5FBF}.Debug|x64.Build.0 = Debug|iPhone
		{44FCA494-0F37-4708-B610-CD259B8E5FBF}.Debug|x64.Deploy.0 = Debug|iPhone
		{44FCA494-0F37-4708-B610-CD259B8E5FBF}.Debug|x86.ActiveCfg = Debug|iPhone
		{44FCA494-0F37-4708-B610-CD259B8E5FBF}.Debug|x86.Build.0 = Debug|iPhone
		{44FCA494-0F37-4708-B610-CD259B8E5FBF}.Debug|x86.Deploy.0 = Debug|iPhone
		{44FCA494-0F37-4708-B610-CD259B8E5FBF}.Release|Any CPU.ActiveCfg = Release|iPhone
		{44FCA494-0F37-4708-B610-CD259B8E5FBF}.Release|Any CPU.Build.0 = Release|iPhone
		{44FCA494-0F37-4708-B610-CD259B8E5FBF}.Release|Any CPU.Deploy.0 = Release|iPhone
		{44FCA494-0F37-4708-B610-CD259B8E5FBF}.Release|ARM.ActiveCfg = Release|iPhone
		{44FCA494-0F37-4708-B610-CD259B8E5FBF}.Release|ARM.Build.0 = Release|iPhone
		{44FCA494-0F37-4708-B610-CD259B8E5FBF}.Release|ARM.Deploy.0 = Release|iPhone
		{44FCA494-0F37-4708-B610-CD259B8E5FBF}.Release|iPhone.ActiveCfg = Release|iPhone
		{44FCA494-0F37-4708-B610-CD259B8E5FBF}.Release|iPhone.Build.0 = Release|iPhone
		{44FCA494-0F37-4708-B610-CD259B8E5FBF}.Release|iPhone.Deploy.0 = Release|iPhone
		{44FCA494-0F37-4708-B610-CD259B8E5FBF}.Release|iPhoneSimulator.ActiveCfg = Release|iPhoneSimulator
		{44FCA494-0F37-4708-B610-CD259B8E5FBF}.Release|iPhoneSimulator.Build.0 = Release|iPhoneSimulator
		{44FCA494-0F37-4708-B610-CD259B8E5FBF}.Release|iPhoneSimulator.Deploy.0 = Release|iPhoneSimulator
		{44FCA494-0F37-4708-B610-CD259B8E5FBF}.Release|x64.ActiveCfg = Release|iPhone
		{44FCA494-0F37-4708-B610-CD259B8E5FBF}.Release|x64.Build.0 = Release|iPhone
		{44FCA494-0F37-4708-B610-CD259B8E5FBF}.Release|x64.Deploy.0 = Release|iPhone
		{44FCA494-0F37-4708-B610-CD259B8E5FBF}.Release|x86.ActiveCfg = Release|iPhone
		{44FCA494-0F37-4708-B610-CD259B8E5FBF}.Release|x86.Build.0 = Release|iPhone
		{44FCA494-0F37-4708-B610-CD259B8E5FBF}.Release|x86.Deploy.0 = Release|iPhone
		{3EAD4898-FB7E-46E4-8E1F-B1B1E0BBDE57}.Ad-Hoc|Any CPU.ActiveCfg = Debug|Any CPU
		{3EAD4898-FB7E-46E4-8E1F-B1B1E0BBDE57}.Ad-Hoc|Any CPU.Build.0 = Debug|Any CPU
		{3EAD4898-FB7E-46E4-8E1F-B1B1E0BBDE57}.Ad-Hoc|Any CPU.Deploy.0 = Debug|Any CPU
		{3EAD4898-FB7E-46E4-8E1F-B1B1E0BBDE57}.Ad-Hoc|ARM.ActiveCfg = Debug|Any CPU
		{3EAD4898-FB7E-46E4-8E1F-B1B1E0BBDE57}.Ad-Hoc|ARM.Build.0 = Debug|Any CPU
		{3EAD4898-FB7E-46E4-8E1F-B1B1E0BBDE57}.Ad-Hoc|ARM.Deploy.0 = Debug|Any CPU
		{3EAD4898-FB7E-46E4-8E1F-B1B1E0BBDE57}.Ad-Hoc|iPhone.ActiveCfg = Debug|Any CPU
		{3EAD4898-FB7E-46E4-8E1F-B1B1E0BBDE57}.Ad-Hoc|iPhone.Build.0 = Debug|Any CPU
		{3EAD4898-FB7E-46E4-8E1F-B1B1E0BBDE57}.Ad-Hoc|iPhone.Deploy.0 = Debug|Any CPU
		{3EAD4898-FB7E-46E4-8E1F-B1B1E0BBDE57}.Ad-Hoc|iPhoneSimulator.ActiveCfg = Debug|Any CPU
		{3EAD4898-FB7E-46E4-8E1F-B1B1E0BBDE57}.Ad-Hoc|iPhoneSimulator.Build.0 = Debug|Any CPU
		{3EAD4898-FB7E-46E4-8E1F-B1B1E0BBDE57}.Ad-Hoc|iPhoneSimulator.Deploy.0 = Debug|Any CPU
		{3EAD4898-FB7E-46E4-8E1F-B1B1E0BBDE57}.Ad-Hoc|x64.ActiveCfg = Debug|Any CPU
		{3EAD4898-FB7E-46E4-8E1F-B1B1E0BBDE57}.Ad-Hoc|x64.Build.0 = Debug|Any CPU
		{3EAD4898-FB7E-46E4-8E1F-B1B1E0BBDE57}.Ad-Hoc|x64.Deploy.0 = Debug|Any CPU
		{3EAD4898-FB7E-46E4-8E1F-B1B1E0BBDE57}.Ad-Hoc|x86.ActiveCfg = Debug|Any CPU
		{3EAD4898-FB7E-46E4-8E1F-B1B1E0BBDE57}.Ad-Hoc|x86.Build.0 = Debug|Any CPU
		{3EAD4898-FB7E-46E4-8E1F-B1B1E0BBDE57}.Ad-Hoc|x86.Deploy.0 = Debug|Any CPU
		{3EAD4898-FB7E-46E4-8E1F-B1B1E0BBDE57}.AppStore|Any CPU.ActiveCfg = Debug|Any CPU
		{3EAD4898-FB7E-46E4-8E1F-B1B1E0BBDE57}.AppStore|Any CPU.Build.0 = Debug|Any CPU
		{3EAD4898-FB7E-46E4-8E1F-B1B1E0BBDE57}.AppStore|Any CPU.Deploy.0 = Debug|Any CPU
		{3EAD4898-FB7E-46E4-8E1F-B1B1E0BBDE57}.AppStore|ARM.ActiveCfg = Debug|Any CPU
		{3EAD4898-FB7E-46E4-8E1F-B1B1E0BBDE57}.AppStore|ARM.Build.0 = Debug|Any CPU
		{3EAD4898-FB7E-46E4-8E1F-B1B1E0BBDE57}.AppStore|ARM.Deploy.0 = Debug|Any CPU
		{3EAD4898-FB7E-46E4-8E1F-B1B1E0BBDE57}.AppStore|iPhone.ActiveCfg = Debug|Any CPU
		{3EAD4898-FB7E-46E4-8E1F-B1B1E0BBDE57}.AppStore|iPhone.Build.0 = Debug|Any CPU
		{3EAD4898-FB7E-46E4-8E1F-B1B1E0BBDE57}.AppStore|iPhone.Deploy.0 = Debug|Any CPU
		{3EAD4898-FB7E-46E4-8E1F-B1B1E0BBDE57}.AppStore|iPhoneSimulator.ActiveCfg = Debug|Any CPU
		{3EAD4898-FB7E-46E4-8E1F-B1B1E0BBDE57}.AppStore|iPhoneSimulator.Build.0 = Debug|Any CPU
		{3EAD4898-FB7E-46E4-8E1F-B1B1E0BBDE57}.AppStore|iPhoneSimulator.Deploy.0 = Debug|Any CPU
		{3EAD4898-FB7E-46E4-8E1F-B1B1E0BBDE57}.AppStore|x64.ActiveCfg = Debug|Any CPU
		{3EAD4898-FB7E-46E4-8E1F-B1B1E0BBDE57}.AppStore|x64.Build.0 = Debug|Any CPU
		{3EAD4898-FB7E-46E4-8E1F-B1B1E0BBDE57}.AppStore|x64.Deploy.0 = Debug|Any CPU
		{3EAD4898-FB7E-46E4-8E1F-B1B1E0BBDE57}.AppStore|x86.ActiveCfg = Debug|Any CPU
		{3EAD4898-FB7E-46E4-8E1F-B1B1E0BBDE57}.AppStore|x86.Build.0 = Debug|Any CPU
		{3EAD4898-FB7E-46E4-8E1F-B1B1E0BBDE57}.AppStore|x86.Deploy.0 = Debug|Any CPU
		{3EAD4898-FB7E-46E4-8E1F-B1B1E0BBDE57}.Debug|Any CPU.ActiveCfg = Debug|Any CPU
		{3EAD4898-FB7E-46E4-8E1F-B1B1E0BBDE57}.Debug|Any CPU.Build.0 = Debug|Any CPU
		{3EAD4898-FB7E-46E4-8E1F-B1B1E0BBDE57}.Debug|Any CPU.Deploy.0 = Debug|Any CPU
		{3EAD4898-FB7E-46E4-8E1F-B1B1E0BBDE57}.Debug|ARM.ActiveCfg = Debug|Any CPU
		{3EAD4898-FB7E-46E4-8E1F-B1B1E0BBDE57}.Debug|ARM.Build.0 = Debug|Any CPU
		{3EAD4898-FB7E-46E4-8E1F-B1B1E0BBDE57}.Debug|ARM.Deploy.0 = Debug|Any CPU
		{3EAD4898-FB7E-46E4-8E1F-B1B1E0BBDE57}.Debug|iPhone.ActiveCfg = Debug|Any CPU
		{3EAD4898-FB7E-46E4-8E1F-B1B1E0BBDE57}.Debug|iPhone.Build.0 = Debug|Any CPU
		{3EAD4898-FB7E-46E4-8E1F-B1B1E0BBDE57}.Debug|iPhone.Deploy.0 = Debug|Any CPU
		{3EAD4898-FB7E-46E4-8E1F-B1B1E0BBDE57}.Debug|iPhoneSimulator.ActiveCfg = Debug|Any CPU
		{3EAD4898-FB7E-46E4-8E1F-B1B1E0BBDE57}.Debug|iPhoneSimulator.Build.0 = Debug|Any CPU
		{3EAD4898-FB7E-46E4-8E1F-B1B1E0BBDE57}.Debug|iPhoneSimulator.Deploy.0 = Debug|Any CPU
		{3EAD4898-FB7E-46E4-8E1F-B1B1E0BBDE57}.Debug|x64.ActiveCfg = Debug|Any CPU
		{3EAD4898-FB7E-46E4-8E1F-B1B1E0BBDE57}.Debug|x64.Build.0 = Debug|Any CPU
		{3EAD4898-FB7E-46E4-8E1F-B1B1E0BBDE57}.Debug|x64.Deploy.0 = Debug|Any CPU
		{3EAD4898-FB7E-46E4-8E1F-B1B1E0BBDE57}.Debug|x86.ActiveCfg = Debug|Any CPU
		{3EAD4898-FB7E-46E4-8E1F-B1B1E0BBDE57}.Debug|x86.Build.0 = Debug|Any CPU
		{3EAD4898-FB7E-46E4-8E1F-B1B1E0BBDE57}.Debug|x86.Deploy.0 = Debug|Any CPU
		{3EAD4898-FB7E-46E4-8E1F-B1B1E0BBDE57}.Release|Any CPU.ActiveCfg = Release|Any CPU
		{3EAD4898-FB7E-46E4-8E1F-B1B1E0BBDE57}.Release|Any CPU.Build.0 = Release|Any CPU
		{3EAD4898-FB7E-46E4-8E1F-B1B1E0BBDE57}.Release|Any CPU.Deploy.0 = Release|Any CPU
		{3EAD4898-FB7E-46E4-8E1F-B1B1E0BBDE57}.Release|ARM.ActiveCfg = Release|Any CPU
		{3EAD4898-FB7E-46E4-8E1F-B1B1E0BBDE57}.Release|ARM.Build.0 = Release|Any CPU
		{3EAD4898-FB7E-46E4-8E1F-B1B1E0BBDE57}.Release|ARM.Deploy.0 = Release|Any CPU
		{3EAD4898-FB7E-46E4-8E1F-B1B1E0BBDE57}.Release|iPhone.ActiveCfg = Release|Any CPU
		{3EAD4898-FB7E-46E4-8E1F-B1B1E0BBDE57}.Release|iPhone.Build.0 = Release|Any CPU
		{3EAD4898-FB7E-46E4-8E1F-B1B1E0BBDE57}.Release|iPhone.Deploy.0 = Release|Any CPU
		{3EAD4898-FB7E-46E4-8E1F-B1B1E0BBDE57}.Release|iPhoneSimulator.ActiveCfg = Release|Any CPU
		{3EAD4898-FB7E-46E4-8E1F-B1B1E0BBDE57}.Release|iPhoneSimulator.Build.0 = Release|Any CPU
		{3EAD4898-FB7E-46E4-8E1F-B1B1E0BBDE57}.Release|iPhoneSimulator.Deploy.0 = Release|Any CPU
		{3EAD4898-FB7E-46E4-8E1F-B1B1E0BBDE57}.Release|x64.ActiveCfg = Release|Any CPU
		{3EAD4898-FB7E-46E4-8E1F-B1B1E0BBDE57}.Release|x64.Build.0 = Release|Any CPU
		{3EAD4898-FB7E-46E4-8E1F-B1B1E0BBDE57}.Release|x64.Deploy.0 = Release|Any CPU
		{3EAD4898-FB7E-46E4-8E1F-B1B1E0BBDE57}.Release|x86.ActiveCfg = Release|Any CPU
		{3EAD4898-FB7E-46E4-8E1F-B1B1E0BBDE57}.Release|x86.Build.0 = Release|Any CPU
		{3EAD4898-FB7E-46E4-8E1F-B1B1E0BBDE57}.Release|x86.Deploy.0 = Release|Any CPU
	EndGlobalSection
	GlobalSection(SolutionProperties) = preSolution
		HideSolutionNode = FALSE
	EndGlobalSection
	GlobalSection(ExtensibilityGlobals) = postSolution
		SolutionGuid = {F0F6814D-00FC-411D-8661-6FCCA94CE13F}
	EndGlobalSection
EndGlobal
